
Microsoft Visual Studio Solution File, Format Version 12.00
# Visual Studio 15
VisualStudioVersion = 15.0.27130.2010
MinimumVisualStudioVersion = 10.0.40219.1
Project("{FAE04EC0-301F-11D3-BF4B-00C04F79EFBC}") = "GameTracker", "GameTracker\GameTracker.csproj", "{88B9927B-4445-4002-AB4C-4E6DBD18B3A0}"
EndProject
Global
	GlobalSection(SolutionConfigurationPlatforms) = preSolution
		Debug|Any CPU = Debug|Any CPU
		Release|Any CPU = Release|Any CPU
	EndGlobalSection
	GlobalSection(ProjectConfigurationPlatforms) = postSolution
		{88B9927B-4445-4002-AB4C-4E6DBD18B3A0}.Debug|Any CPU.ActiveCfg = Debug|Any CPU
		{88B9927B-4445-4002-AB4C-4E6DBD18B3A0}.Debug|Any CPU.Build.0 = Debug|Any CPU
		{88B9927B-4445-4002-AB4C-4E6DBD18B3A0}.Release|Any CPU.ActiveCfg = Release|Any CPU
		{88B9927B-4445-4002-AB4C-4E6DBD18B3A0}.Release|Any CPU.Build.0 = Release|Any CPU
	EndGlobalSection
	GlobalSection(SolutionProperties) = preSolution
		HideSolutionNode = FALSE
	EndGlobalSection
	GlobalSection(ExtensibilityGlobals) = postSolution
		SolutionGuid = {0D467859-2021-4009-8111-C1E334A9EA1F}
	EndGlobalSection
EndGlobal
